github.com/antlr/antlr4 v0.0.0-20200801005519-2ba38605b949 h1:lySaGvyXH0TAjHe0mFryow2GxNzLaetxK40mQZzWCe4=
github.com/antlr/antlr4 v0.0.0-20200801005519-2ba38605b949/go.mod h1:T7PbCXFs94rrTttyxjbyT5+/1V8T2TYDejxUfHJjw1Y=
github.com/colinking/go-sqlite3-native v0.0.0-20200831163558-6b2b27265e73 h1:OHLfUzBct7JSbY2pmqAet/XwXXFsZ4hXdILM5TX+SXI=
github.com/colinking/go-sqlite3-native v0.0.0-20200831163558-6b2b27265e73/go.mod h1:gAOxxM8v3xssSuYdKBnhdMnHXl9g5NVbgDng24XUk6o=
github.com/davecgh/go-spew v1.1.0/go.mod h1:J7Y8YcW2NihsgmVo/mv3lAwl/skON4iLHjSsI+c5H38=
github.com/davecgh/go-spew v1.1.1/go.mod h1:J7Y8YcW2NihsgmVo/mv3lAwl/skON4iLHjSsI+c5H38=
github.com/google/uuid v1.3.1 h1:KjJaJ9iWZ3jOFZIf1Lqf4laDRCasjl0BCmnEGxkdLb4=
github.com/google/uuid v1.3.1/go.mod h1:TIyPZe4MgqvfeYDBFedMoGGpEw/LqOeaOT+nhxU+yHo=
github.com/iamacarpet/go-sqlite3-dynamic v0.0.0-20190515092955-345069c6d7b9 h1:MDZ6mJ7Ouz9lSwLtD7v2QeDlbdL6rONTAJRNEQqRYC0=
github.com/iamacarpet/go-sqlite3-dynamic v0.0.0-20190515092955-345069c6d7b9/go.mod h1:HSsZaV17NZLgfHsNz3wzjE66Gd2EGlF8OuC0DdPpgPk=
github.com/kr/pretty v0.2.0/go.mod h1:ipq/a2n7PKx3OHsz4KJII5eveXtPO4qwEXGdVfWzfnI=
github.com/kr/pty v1.1.1/go.mod h1:pFQYn66WHrOpPYNljwOMqo10TkYh1fy3cYio2l3bCsQ=
github.com/kr/text v0.1.0/go.mod h1:4Jbv+DJW3UT/LiOwJeYQe1efqtUx/iVham/4vfdArNI=
github.com/mattn/go-sqlite3 v1.14.17 h1:mCRHCLDUBXgpKAqIKsaAaAsrAlbkeomtRFKXh2L6YIM=
github.com/mattn/go-sqlite3 v1.14.17/go.mod h1:2eHXhiwb8IkHr+BDWZGa96P6+rkvnG63S2DGjv9HUNg=
github.com/notti/nocgo v0.0.0-20190619201224-fc443047424c h1:3fTZ9+GLtn9eqKC1RGLojMG7St2WsskOeGXKFEhNTlo=
github.com/notti/nocgo v0.0.0-20190619201224-fc443047424c/go.mod h1:kJHUidcvEI83gsDlB+I58aaOuzvJmPfbqrqYjTqmdHA=
github.com/pkg/errors v0.8.0/go.mod h1:bwawxfHBFNV+L2hUp1rHADufV3IMtnDRdf1r5NINEl0=
github.com/pkg/errors v0.9.1 h1:FEBLx1zS214owpjy7qsBeixbURkuhQAwrK5UwLGTwt4=
github.com/pkg/errors v0.9.1/go.mod h1:bwawxfHBFNV+L2hUp1rHADufV3IMtnDRdf1r5NINEl0=
github.com/pmezard/go-difflib v1.0.0/go.mod h1:iKH77koFhYxTK1pcRnkKkqfTogsbg7gZNVY4sRDYZ/4=
github.com/segmentio/cli v0.3.4/go.mod h1:+m0rKUSZsAc4BPzL3Cw9jergrTVzySBdBerJcC/qfes=
github.com/segmentio/encoding v0.1.11/go.mod h1:RWhr02uzMB9gQC1x+MfYxedtmBibb9cZ6Vv9VxRSSbw=
github.com/segmentio/events/v2 v2.4.0 h1:8XZA/OlHFBLDIKtHwn6riWjCq8etZr8kBu2rx2DvFgM=
github.com/segmentio/events/v2 v2.4.0/go.mod h1:pj4K4ln5dpEa4grVeDLvnDyw+m7AO2lBbRjRPVNcPjo=
github.com/segmentio/textio v1.2.0 h1:Ug4IkV3kh72juJbG8azoSBlgebIbUUxVNrfFcKHfTSQ=
github.com/segmentio/textio v1.2.0/go.mod h1:+Rb7v0YVODP+tK5F7FD9TCkV7gOYx9IgLHWiqtvY8ag=
github.com/stretchr/objx v0.1.0/go.mod h1:HFkY916IF+rwdDfMAkV7OtwuqBVzrE8GR6GFx+wExME=
github.com/stretchr/testify v1.6.1/go.mod h1:6Fq8oRcR53rry900zMqJjRRixrwX3KX962/h/Wwjteg=
golang.org/x/sys v0.0.0-20190916202348-b4ddaad3f8a3/go.mod h1:h1NjWce9XRLGQEsW7wpKNCjG9DtNlClVuFLEZdDNbEs=
golang.org/x/sys v0.0.0-20200323222414-85ca7c5b95cd h1:xhmwyvizuTgC2qz7ZlMluP20uW+C3Rm0FD/WLDX8884=
golang.org/x/sys v0.0.0-20200323222414-85ca7c5b95cd/go.mod h1:h1NjWce9XRLGQEsW7wpKNCjG9DtNlClVuFLEZdDNbEs=
gopkg.in/check.v1 v0.0.0-20161208181325-20d25e280405/go.mod h1:Co6ibVJAznAaIkqp8huTwlJQCZ016jof/cbN4VW5Yz0=
gopkg.in/check.v1 v1.0.0-20190902080502-41f04d3bba15/go.mod h1:Co6ibVJAznAaIkqp8huTwlJQCZ016jof/cbN4VW5Yz0=
gopkg.in/yaml.v3 v3.0.0-20200313102051-9f266ea9e77c/go.mod h1:K4uyk7z7BCEPqu6E+C64Yfv1cQ7kz7rIZviUmN+EgEM=
gopkg.in/yaml.v3 v3.0.0-20200615113413-eeeca48fe776/go.mod h1:K4uyk7z7BCEPqu6E+C64Yfv1cQ7kz7rIZviUmN+EgEM=
